{
  "lockfileVersion": 1,
  "configVersion": 1,
  "workspaces": {
    "": {
      "name": "websys.mbt",
      "devDependencies": {
        "@webref/idl": "3.73.1",
        "webidl2": "24.5.0",
      },
    },
  },
  "packages": {
    "@webref/idl": ["@webref/idl@3.73.1", "", { "peerDependencies": { "webidl2": "^24.5.0" } }, "sha512-bCHAsCtRO4DmeVeEKttAyQHpLy83pv5VmAVtOvozslRSld9H8QtkrHKCFmK34D8q7wxSjj4sZPvh3JUvPW9+WQ=="],

    "webidl2": ["webidl2@24.5.0", "", {}, "sha512-fxOigKkIem1iAgQ9t4cFOP+kWEA8y6Be/uh50FpJh0FijoeeT/VMrOyJzNLUgjy0rGMEcHeReKDCqj0g9dIe9A=="],
  }
}
