{
  "lockfileVersion": 1,
  "configVersion": 1,
  "workspaces": {
    "": {
      "name": "websys.mbt",
      "devDependencies": {
        "webidl-bindgen.mbt": "^0.3.4",
      },
    },
  },
  "packages": {
    "@webref/idl": ["@webref/idl@3.70.2", "", { "peerDependencies": { "webidl2": "^24.5.0" } }, "sha512-8a9eAGkjgh3Yo3v8ivqpZa9rPI4XxwRVYvFELlbu7YKh9ZWGonmaXqEu/dADrYg8u42FCR9EHPMw0zshMote6Q=="],

    "webidl-bindgen.mbt": ["webidl-bindgen.mbt@0.3.4", "", { "dependencies": { "@webref/idl": "^3.70.2", "webidl2": "^24.5.0" }, "bin": { "webidl-bindgen.mbt": "_build/js/release/build/webidl-bindgen.js" } }, "sha512-JD5sFVlWxTzYEngGILSVI3XDrLehoNveQfBe6bIPwx7QsXgwpiVnNO/uQv+PD9V8BpkVnm3lrHBcApaZGW/PzA=="],

    "webidl2": ["webidl2@24.5.0", "", {}, "sha512-fxOigKkIem1iAgQ9t4cFOP+kWEA8y6Be/uh50FpJh0FijoeeT/VMrOyJzNLUgjy0rGMEcHeReKDCqj0g9dIe9A=="],
  }
}
